
Microsoft Visual Studio Solution File, Format Version 12.00
# Visual Studio 2012
Project("{FAE04EC0-301F-11D3-BF4B-00C04F79EFBC}") = "JuegoVida", "JuegoVida\JuegoVida.csproj", "{4AF5EAC5-3DF7-4AD3-B023-04521B6398D3}"
EndProject
Global
	GlobalSection(SolutionConfigurationPlatforms) = preSolution
		Debug|Any CPU = Debug|Any CPU
		Release|Any CPU = Release|Any CPU
	EndGlobalSection
	GlobalSection(ProjectConfigurationPlatforms) = postSolution
		{4AF5EAC5-3DF7-4AD3-B023-04521B6398D3}.Debug|Any CPU.ActiveCfg = Debug|Any CPU
		{4AF5EAC5-3DF7-4AD3-B023-04521B6398D3}.Debug|Any CPU.Build.0 = Debug|Any CPU
		{4AF5EAC5-3DF7-4AD3-B023-04521B6398D3}.Release|Any CPU.ActiveCfg = Release|Any CPU
		{4AF5EAC5-3DF7-4AD3-B023-04521B6398D3}.Release|Any CPU.Build.0 = Release|Any CPU
	EndGlobalSection
	GlobalSection(SolutionProperties) = preSolution
		HideSolutionNode = FALSE
	EndGlobalSection
EndGlobal
